PODS:
  - Alamofire (3.4.0)
  - Bolts (1.7.0):
    - Bolts/AppLinks (= 1.7.0)
    - Bolts/Tasks (= 1.7.0)
  - Bolts/AppLinks (1.7.0):
    - Bolts/Tasks
  - Bolts/Tasks (1.7.0)
  - Crashlytics (3.7.0):
    - Fabric (~> 1.6.3)
  - DeviceKit (0.3.2)
  - Digits (2.1.1):
    - TwitterCore (= 2.1.1)
  - Fabric (1.6.7)
  - FastEasyMapping (1.0.2)
  - FBSDKCoreKit (4.11.0):
    - Bolts (~> 1.7)
  - FBSDKLoginKit (4.11.0):
    - FBSDKCoreKit
  - GoogleMaps (1.13.2)
  - HanekeSwift (0.10.1)
  - ImagePicker (1.3.0)
  - KeychainAccess (2.3.5)
  - MagicalRecord (2.3.2):
    - MagicalRecord/Core (= 2.3.2)
  - MagicalRecord/Core (2.3.2)
  - RSKImageCropper (1.5.1)
  - Toast (3.0)
  - TwitterCore (2.1.1):
    - Fabric

DEPENDENCIES:
  - Alamofire (~> 3.4)
  - Crashlytics (~> 3.7.0)
  - DeviceKit (~> 0.3.2)
  - Digits (~> 2.1)
  - Fabric (~> 1.6)
  - FastEasyMapping (~> 1.0)
  - FBSDKCoreKit (~> 4.11.0)
  - FBSDKLoginKit (~> 4.11.0)
  - GoogleMaps (~> 1.13.2)
  - HanekeSwift (~> 0.10)
  - ImagePicker (~> 1.3)
  - KeychainAccess (~> 2.3)
  - MagicalRecord (~> 2.3)
  - RSKImageCropper (~> 1.5)
  - Toast (~> 3.0)
  - TwitterCore (~> 2.1)

SPEC CHECKSUMS:
  Alamofire: c19a627cefd6a95f840401c49ab1f124e07f54ee
  Bolts: a0058fa3b331c5a1e4402d534f2dae36dbff31e4
  Crashlytics: c3a2333dea9e2733d2777f730910321fc9e25c0d
  DeviceKit: 79182140c0aa8daaf4f4b3920e0b079f5fa9db79
  Digits: 999cd0b84b25cdd6dbd7bc903b19c08f3405587d
  Fabric: caf7580c725e64db144f610ac65cd60956911dc7
  FastEasyMapping: 77d566a817ca73304af3e7fbed130850238f1cb4
  FBSDKCoreKit: 686ac982723a14ec9ddb85e2f81235d7706c891b
  FBSDKLoginKit: bade9fc78277764149ccc5bfaadbf13c83175c6a
  GoogleMaps: b20a103ff307f58392e603cf142e59d7e30374c1
  HanekeSwift: 08e47d3d0f2899ec58e5d257beba0de619aca9e8
  ImagePicker: ed649bfeb850b2b8715c9e95a35725c730b5f627
  KeychainAccess: e283c1981a6c5655e1984cd411c6faf16fa165ae
  MagicalRecord: 53bed74b4323b930992a725be713e53b37d19755
  RSKImageCropper: edd65fedb3734332818deb139906d6b7f54b8a44
  Toast: 32c59229abfcf41850162b83bb9259dc84372473
  TwitterCore: abc46da2bc4b76e2c68a74cd8671a071a8e3abbf

PODFILE CHECKSUM: fe1274d8e617081b5f55a3800ffcfa8354ef4502

COCOAPODS: 1.0.0
